{
  "name": "@f-cli/cli",
  "version": "1.0.0",
  "lockfileVersion": 3,
  "requires": true,
  "packages": {
    "": {
      "name": "@f-cli/cli",
      "version": "1.0.0",
      "bin": {
        "fcli": "bin/fcli"
      },
      "devDependencies": {
        "@swc/core": "1.15.24",
        "@types/fs-extra": "^11.0.4",
        "@types/prompts": "^2.4.9",
        "commander": "14.0.3",
        "consola": "3.4.2",
        "fs-extra": "11.3.4",
        "giget": "3.2.0",
        "ora": "9.3.0",
        "picocolors": "^1.1.1",
        "prompts": "2.4.2"
      }
    },
    "../../node_modules/.pnpm/@swc+core@1.15.24/node_modules/@swc/core": {
      "version": "1.15.24",
      "dev": true,
      "hasInstallScript": true,
      "license": "Apache-2.0",
      "dependencies": {
        "@swc/counter": "^0.1.3",
        "@swc/types": "^0.1.26"
      },
      "devDependencies": {
        "@napi-rs/cli": "^3.2.0",
        "@rstest/core": "^0.7.8",
        "cross-env": "^7.0.3",
        "typescript": "^5.3.3"
      },
      "engines": {
        "node": ">=10"
      },
      "funding": {
        "type": "opencollective",
        "url": "https://opencollective.com/swc"
      },
      "optionalDependencies": {
        "@swc/core-darwin-arm64": "1.15.24",
        "@swc/core-darwin-x64": "1.15.24",
        "@swc/core-linux-arm-gnueabihf": "1.15.24",
        "@swc/core-linux-arm64-gnu": "1.15.24",
        "@swc/core-linux-arm64-musl": "1.15.24",
        "@swc/core-linux-ppc64-gnu": "1.15.24",
        "@swc/core-linux-s390x-gnu": "1.15.24",
        "@swc/core-linux-x64-gnu": "1.15.24",
        "@swc/core-linux-x64-musl": "1.15.24",
        "@swc/core-win32-arm64-msvc": "1.15.24",
        "@swc/core-win32-ia32-msvc": "1.15.24",
        "@swc/core-win32-x64-msvc": "1.15.24"
      },
      "peerDependencies": {
        "@swc/helpers": ">=0.5.17"
      },
      "peerDependenciesMeta": {
        "@swc/helpers": {
          "optional": true
        }
      }
    },
    "../../node_modules/.pnpm/@types+fs-extra@11.0.4/node_modules/@types/fs-extra": {
      "version": "11.0.4",
      "dev": true,
      "license": "MIT",
      "dependencies": {
        "@types/jsonfile": "*",
        "@types/node": "*"
      }
    },
    "../../node_modules/.pnpm/commander@14.0.3/node_modules/commander": {
      "version": "14.0.3",
      "dev": true,
      "license": "MIT",
      "devDependencies": {
        "@eslint/js": "^9.4.0",
        "@types/jest": "^30.0.0",
        "@types/node": "^22.7.4",
        "eslint": "^9.17.0",
        "eslint-config-prettier": "^10.0.1",
        "eslint-plugin-jest": "^29.0.1",
        "globals": "^16.0.0",
        "jest": "^30.0.3",
        "prettier": "^3.2.5",
        "ts-jest": "^29.0.3",
        "tsd": "^0.33.0",
        "typescript": "^5.0.4",
        "typescript-eslint": "^8.12.2"
      },
      "engines": {
        "node": ">=20"
      }
    },
    "../../node_modules/.pnpm/consola@3.4.2/node_modules/consola": {
      "version": "3.4.2",
      "dev": true,
      "license": "MIT",
      "devDependencies": {
        "@clack/prompts": "^0.10.0",
        "@types/node": "^22.13.10",
        "@vitest/coverage-v8": "^3.0.9",
        "changelogen": "^0.6.1",
        "defu": "^6.1.4",
        "eslint": "^9.22.0",
        "eslint-config-unjs": "^0.4.2",
        "is-unicode-supported": "^2.1.0",
        "prettier": "^3.5.3",
        "sentencer": "^0.2.1",
        "std-env": "^3.8.1",
        "string-width": "^7.2.0",
        "typescript": "^5.8.2",
        "unbuild": "^3.5.0",
        "vitest": "^3.0.9"
      },
      "engines": {
        "node": "^14.18.0 || >=16.10.0"
      }
    },
    "../../node_modules/.pnpm/fs-extra@11.3.4/node_modules/fs-extra": {
      "version": "11.3.4",
      "dev": true,
      "license": "MIT",
      "dependencies": {
        "graceful-fs": "^4.2.0",
        "jsonfile": "^6.0.1",
        "universalify": "^2.0.0"
      },
      "devDependencies": {
        "klaw": "^2.1.1",
        "klaw-sync": "^3.0.2",
        "minimist": "^1.1.1",
        "mocha": "^10.1.0",
        "nyc": "^15.0.0",
        "proxyquire": "^2.0.1",
        "read-dir-files": "^0.1.1",
        "standard": "^17.0.0"
      },
      "engines": {
        "node": ">=14.14"
      }
    },
    "../../node_modules/.pnpm/giget@3.2.0/node_modules/giget": {
      "version": "3.2.0",
      "dev": true,
      "license": "MIT",
      "bin": {
        "giget": "dist/cli.mjs"
      },
      "devDependencies": {
        "@types/node": "^25.5.0",
        "@typescript/native-preview": "^7.0.0-dev.20260326.1",
        "@vitest/coverage-v8": "^4.1.2",
        "changelogen": "^0.6.2",
        "citty": "^0.2.1",
        "eslint-config-unjs": "^0.6.2",
        "nypm": "^0.6.5",
        "obuild": "^0.4.32",
        "oxfmt": "^0.42.0",
        "oxlint": "^1.57.0",
        "pathe": "^2.0.3",
        "rolldown": "^1.0.0-rc.12",
        "tar": "^7.5.13",
        "typescript": "^6.0.2",
        "unbuild": "^3.6.1",
        "vitest": "^4.1.2"
      }
    },
    "../../node_modules/.pnpm/ora@9.3.0/node_modules/ora": {
      "version": "9.3.0",
      "dev": true,
      "license": "MIT",
      "dependencies": {
        "chalk": "^5.6.2",
        "cli-cursor": "^5.0.0",
        "cli-spinners": "^3.2.0",
        "is-interactive": "^2.0.0",
        "is-unicode-supported": "^2.1.0",
        "log-symbols": "^7.0.1",
        "stdin-discarder": "^0.3.1",
        "string-width": "^8.1.0"
      },
      "devDependencies": {
        "@types/node": "^24.5.0",
        "ava": "^6.4.1",
        "get-stream": "^9.0.1",
        "transform-tty": "^1.0.11",
        "tsd": "^0.33.0",
        "xo": "^1.2.2"
      },
      "engines": {
        "node": ">=20"
      },
      "funding": {
        "url": "https://github.com/sponsors/sindresorhus"
      }
    },
    "../../node_modules/.pnpm/picocolors@1.1.1/node_modules/picocolors": {
      "version": "1.1.1",
      "dev": true,
      "license": "ISC"
    },
    "../../node_modules/.pnpm/prompts@2.4.2/node_modules/prompts": {
      "version": "2.4.2",
      "dev": true,
      "license": "MIT",
      "dependencies": {
        "kleur": "^3.0.3",
        "sisteransi": "^1.0.5"
      },
      "devDependencies": {
        "@babel/cli": "^7.12.1",
        "@babel/core": "^7.12.3",
        "@babel/plugin-proposal-object-rest-spread": "^7.12.1",
        "@babel/preset-env": "^7.12.1",
        "tap-spec": "^2.2.2",
        "tape": "^4.13.3"
      },
      "engines": {
        "node": ">= 6"
      }
    },
    "node_modules/@swc/core": {
      "resolved": "../../node_modules/.pnpm/@swc+core@1.15.24/node_modules/@swc/core",
      "link": true
    },
    "node_modules/@types/fs-extra": {
      "resolved": "../../node_modules/.pnpm/@types+fs-extra@11.0.4/node_modules/@types/fs-extra",
      "link": true
    },
    "node_modules/@types/node": {
      "version": "25.5.2",
      "resolved": "https://registry.npmmirror.com/@types/node/-/node-25.5.2.tgz",
      "integrity": "sha512-tO4ZIRKNC+MDWV4qKVZe3Ql/woTnmHDr5JD8UI5hn2pwBrHEwOEMZK7WlNb5RKB6EoJ02gwmQS9OrjuFnZYdpg==",
      "dev": true,
      "license": "MIT",
      "dependencies": {
        "undici-types": "~7.18.0"
      }
    },
    "node_modules/@types/prompts": {
      "version": "2.4.9",
      "resolved": "https://registry.npmmirror.com/@types/prompts/-/prompts-2.4.9.tgz",
      "integrity": "sha512-qTxFi6Buiu8+50/+3DGIWLHM6QuWsEKugJnnP6iv2Mc4ncxE4A/OJkjuVOA+5X0X1S/nq5VJRa8Lu+nwcvbrKA==",
      "dev": true,
      "license": "MIT",
      "dependencies": {
        "@types/node": "*",
        "kleur": "^3.0.3"
      }
    },
    "node_modules/commander": {
      "resolved": "../../node_modules/.pnpm/commander@14.0.3/node_modules/commander",
      "link": true
    },
    "node_modules/consola": {
      "resolved": "../../node_modules/.pnpm/consola@3.4.2/node_modules/consola",
      "link": true
    },
    "node_modules/fs-extra": {
      "resolved": "../../node_modules/.pnpm/fs-extra@11.3.4/node_modules/fs-extra",
      "link": true
    },
    "node_modules/giget": {
      "resolved": "../../node_modules/.pnpm/giget@3.2.0/node_modules/giget",
      "link": true
    },
    "node_modules/kleur": {
      "version": "3.0.3",
      "resolved": "https://registry.npmmirror.com/kleur/-/kleur-3.0.3.tgz",
      "integrity": "sha512-eTIzlVOSUR+JxdDFepEYcBMtZ9Qqdef+rnzWdRZuMbOywu5tO2w2N7rqjoANZ5k9vywhL6Br1VRjUIgTQx4E8w==",
      "dev": true,
      "license": "MIT",
      "engines": {
        "node": ">=6"
      }
    },
    "node_modules/ora": {
      "resolved": "../../node_modules/.pnpm/ora@9.3.0/node_modules/ora",
      "link": true
    },
    "node_modules/picocolors": {
      "resolved": "../../node_modules/.pnpm/picocolors@1.1.1/node_modules/picocolors",
      "link": true
    },
    "node_modules/prompts": {
      "resolved": "../../node_modules/.pnpm/prompts@2.4.2/node_modules/prompts",
      "link": true
    },
    "node_modules/undici-types": {
      "version": "7.18.2",
      "resolved": "https://registry.npmmirror.com/undici-types/-/undici-types-7.18.2.tgz",
      "integrity": "sha512-AsuCzffGHJybSaRrmr5eHr81mwJU3kjw6M+uprWvCXiNeN9SOGwQ3Jn8jb8m3Z6izVgknn1R0FTCEAP2QrLY/w==",
      "dev": true,
      "license": "MIT"
    }
  }
}
